
Microsoft Visual Studio Solution File, Format Version 12.00
# Visual Studio Version 16
VisualStudioVersion = 16.0.31205.134
MinimumVisualStudioVersion = 10.0.40219.1
Project("{FAE04EC0-301F-11D3-BF4B-00C04F79EFBC}") = "PrsWebApi", "PrsWebApi\PrsWebApi.csproj", "{34463AB4-7BC9-46B8-ABBF-37DDC69B7D3A}"
EndProject
Global
	GlobalSection(SolutionConfigurationPlatforms) = preSolution
		Debug|Any CPU = Debug|Any CPU
		Release|Any CPU = Release|Any CPU
	EndGlobalSection
	GlobalSection(ProjectConfigurationPlatforms) = postSolution
		{34463AB4-7BC9-46B8-ABBF-37DDC69B7D3A}.Debug|Any CPU.ActiveCfg = Debug|Any CPU
		{34463AB4-7BC9-46B8-ABBF-37DDC69B7D3A}.Debug|Any CPU.Build.0 = Debug|Any CPU
		{34463AB4-7BC9-46B8-ABBF-37DDC69B7D3A}.Release|Any CPU.ActiveCfg = Release|Any CPU
		{34463AB4-7BC9-46B8-ABBF-37DDC69B7D3A}.Release|Any CPU.Build.0 = Release|Any CPU
	EndGlobalSection
	GlobalSection(SolutionProperties) = preSolution
		HideSolutionNode = FALSE
	EndGlobalSection
	GlobalSection(ExtensibilityGlobals) = postSolution
		SolutionGuid = {0C9EB28E-C0A1-4500-B354-619D447CBEB2}
	EndGlobalSection
EndGlobal
